PODS:
  - AVOSCloud (2.6.10)
  - CTAssetsPickerController (2.9.0)
  - MBProgressHUD (0.9)
  - UIImage-ResizeMagick (0.0.1)
  - ZSSRichTextEditor (0.5.2.1)

DEPENDENCIES:
  - AVOSCloud
  - CTAssetsPickerController (~> 2.9.0)
  - MBProgressHUD (~> 0.8)
  - UIImage-ResizeMagick
  - ZSSRichTextEditor

SPEC CHECKSUMS:
  AVOSCloud: f6bda519d035a21ceacab049184aa5cdb9e1177f
  CTAssetsPickerController: 0613bba18a44c0f8098ca2bc01fdeba7aeb285c4
  MBProgressHUD: 2038dbcf3dce73215abed6001657043d53aa79a8
  UIImage-ResizeMagick: 6edd4b95aabf4be264bf99147aa27abb319f3c7f
  ZSSRichTextEditor: 742425fd433c973ab9145922629487d5623d68c3

COCOAPODS: 0.35.0
